
Microsoft Visual Studio Solution File, Format Version 12.00
# Visual Studio Version 17
VisualStudioVersion = 17.2.32602.215
MinimumVisualStudioVersion = 10.0.40219.1
Project("{FAE04EC0-301F-11D3-BF4B-00C04F79EFBC}") = "OneSignalBlazorWasm", "OneSignalBlazorWasm.csproj", "{21F5EF42-D246-4EBD-98B1-B38DA7A37E91}"
EndProject
Global
	GlobalSection(SolutionConfigurationPlatforms) = preSolution
		Debug|Any CPU = Debug|Any CPU
		Release|Any CPU = Release|Any CPU
	EndGlobalSection
	GlobalSection(ProjectConfigurationPlatforms) = postSolution
		{21F5EF42-D246-4EBD-98B1-B38DA7A37E91}.Debug|Any CPU.ActiveCfg = Debug|Any CPU
		{21F5EF42-D246-4EBD-98B1-B38DA7A37E91}.Debug|Any CPU.Build.0 = Debug|Any CPU
		{21F5EF42-D246-4EBD-98B1-B38DA7A37E91}.Release|Any CPU.ActiveCfg = Release|Any CPU
		{21F5EF42-D246-4EBD-98B1-B38DA7A37E91}.Release|Any CPU.Build.0 = Release|Any CPU
	EndGlobalSection
	GlobalSection(SolutionProperties) = preSolution
		HideSolutionNode = FALSE
	EndGlobalSection
	GlobalSection(ExtensibilityGlobals) = postSolution
		SolutionGuid = {DEA6B527-1FEF-4F21-904D-6F50A8B97F4C}
	EndGlobalSection
EndGlobal
